
Microsoft Visual Studio Solution File, Format Version 12.00
# Visual Studio Version 17
VisualStudioVersion = 17.10.34916.146
MinimumVisualStudioVersion = 10.0.40219.1
Project("{9A19103F-16F7-4668-BE54-9A1E7A4F7556}") = "task1", "task1\task1.csproj", "{1A518572-142A-4BF6-90E6-7CEC9C6531F2}"
EndProject
Project("{FAE04EC0-301F-11D3-BF4B-00C04F79EFBC}") = "Task2", "Task2\Task2.csproj", "{DD430420-8840-409A-AF9C-A3F7F4C4A94F}"
EndProject
Global
	GlobalSection(SolutionConfigurationPlatforms) = preSolution
		Debug|Any CPU = Debug|Any CPU
		Release|Any CPU = Release|Any CPU
	EndGlobalSection
	GlobalSection(ProjectConfigurationPlatforms) = postSolution
		{1A518572-142A-4BF6-90E6-7CEC9C6531F2}.Debug|Any CPU.ActiveCfg = Debug|Any CPU
		{1A518572-142A-4BF6-90E6-7CEC9C6531F2}.Debug|Any CPU.Build.0 = Debug|Any CPU
		{1A518572-142A-4BF6-90E6-7CEC9C6531F2}.Release|Any CPU.ActiveCfg = Release|Any CPU
		{1A518572-142A-4BF6-90E6-7CEC9C6531F2}.Release|Any CPU.Build.0 = Release|Any CPU
		{DD430420-8840-409A-AF9C-A3F7F4C4A94F}.Debug|Any CPU.ActiveCfg = Debug|Any CPU
		{DD430420-8840-409A-AF9C-A3F7F4C4A94F}.Debug|Any CPU.Build.0 = Debug|Any CPU
		{DD430420-8840-409A-AF9C-A3F7F4C4A94F}.Release|Any CPU.ActiveCfg = Release|Any CPU
		{DD430420-8840-409A-AF9C-A3F7F4C4A94F}.Release|Any CPU.Build.0 = Release|Any CPU
	EndGlobalSection
	GlobalSection(SolutionProperties) = preSolution
		HideSolutionNode = FALSE
	EndGlobalSection
	GlobalSection(ExtensibilityGlobals) = postSolution
		SolutionGuid = {B73FE758-4D5A-42A1-8E87-CCCC2F1446B4}
	EndGlobalSection
EndGlobal
